
Microsoft Visual Studio Solution File, Format Version 12.00
# Visual Studio Version 17
VisualStudioVersion = 17.14.37111.16
MinimumVisualStudioVersion = 10.0.40219.1
Project("{FAE04EC0-301F-11D3-BF4B-00C04F79EFBC}") = "BethanysPieShop", "BethanysPieShop.csproj", "{6E3DA8E0-C46C-4268-966F-5F16CF7E2815}"
EndProject
Project("{FAE04EC0-301F-11D3-BF4B-00C04F79EFBC}") = "BethanysPieShopMinimal", "..\BethanysPieShopMinimal\BethanysPieShopMinimal.csproj", "{10F57F28-6E5E-4B76-9A7C-38C31A15414C}"
EndProject
Global
	GlobalSection(SolutionConfigurationPlatforms) = preSolution
		Debug|Any CPU = Debug|Any CPU
		Release|Any CPU = Release|Any CPU
	EndGlobalSection
	GlobalSection(ProjectConfigurationPlatforms) = postSolution
		{6E3DA8E0-C46C-4268-966F-5F16CF7E2815}.Debug|Any CPU.ActiveCfg = Debug|Any CPU
		{6E3DA8E0-C46C-4268-966F-5F16CF7E2815}.Debug|Any CPU.Build.0 = Debug|Any CPU
		{6E3DA8E0-C46C-4268-966F-5F16CF7E2815}.Release|Any CPU.ActiveCfg = Release|Any CPU
		{6E3DA8E0-C46C-4268-966F-5F16CF7E2815}.Release|Any CPU.Build.0 = Release|Any CPU
		{10F57F28-6E5E-4B76-9A7C-38C31A15414C}.Debug|Any CPU.ActiveCfg = Debug|Any CPU
		{10F57F28-6E5E-4B76-9A7C-38C31A15414C}.Debug|Any CPU.Build.0 = Debug|Any CPU
		{10F57F28-6E5E-4B76-9A7C-38C31A15414C}.Release|Any CPU.ActiveCfg = Release|Any CPU
		{10F57F28-6E5E-4B76-9A7C-38C31A15414C}.Release|Any CPU.Build.0 = Release|Any CPU
	EndGlobalSection
	GlobalSection(SolutionProperties) = preSolution
		HideSolutionNode = FALSE
	EndGlobalSection
	GlobalSection(ExtensibilityGlobals) = postSolution
		SolutionGuid = {A7A0529D-5879-46DE-AAA9-0C59B786A6B9}
	EndGlobalSection
EndGlobal
